
Microsoft Visual Studio Solution File, Format Version 12.00
# Visual Studio Version 17
VisualStudioVersion = 17.0.31903.59
MinimumVisualStudioVersion = 10.0.40219.1
Project("{FAE04EC0-301F-11D3-BF4B-00C04F79EFBC}") = "SpiritualRealmWalker", "SpiritualRealmWalker.csproj", "{88A0F8C4-6415-48EA-87E3-2D582EE53F28}"
EndProject
Global
	GlobalSection(SolutionConfigurationPlatforms) = preSolution
		Debug|Any CPU = Debug|Any CPU
		Release|Any CPU = Release|Any CPU
	EndGlobalSection
	GlobalSection(ProjectConfigurationPlatforms) = postSolution
		{88A0F8C4-6415-48EA-87E3-2D582EE53F28}.Debug|Any CPU.ActiveCfg = Debug|Any CPU
		{88A0F8C4-6415-48EA-87E3-2D582EE53F28}.Debug|Any CPU.Build.0 = Debug|Any CPU
		{88A0F8C4-6415-48EA-87E3-2D582EE53F28}.Release|Any CPU.ActiveCfg = Release|Any CPU
		{88A0F8C4-6415-48EA-87E3-2D582EE53F28}.Release|Any CPU.Build.0 = Release|Any CPU
	EndGlobalSection
EndGlobal
